{
  "name": "100days-hugo",
  "version": "1.0.0",
  "lockfileVersion": 2,
  "requires": true,
  "packages": {
    "": {
      "version": "1.0.0",
      "license": "MIT",
      "dependencies": {
        "windicss": "^3.0.9"
      }
    },
    "node_modules/windicss": {
      "version": "3.0.9",
      "resolved": "https://registry.npmjs.org/windicss/-/windicss-3.0.9.tgz",
      "integrity": "sha512-pv/SnYPfqYwz25672irDzNZpcEK/QlN9Dlhe2KUQXDjqd46wl/zLAi51BNB0pdfDZDbNjyvI1XgDXHk1oFF51A==",
      "bin": {
        "windicss": "cli/index.js"
      },
      "engines": {
        "node": ">= 12"
      }
    }
  },
  "dependencies": {
    "windicss": {
      "version": "3.0.9",
      "resolved": "https://registry.npmjs.org/windicss/-/windicss-3.0.9.tgz",
      "integrity": "sha512-pv/SnYPfqYwz25672irDzNZpcEK/QlN9Dlhe2KUQXDjqd46wl/zLAi51BNB0pdfDZDbNjyvI1XgDXHk1oFF51A=="
    }
  }
}
